
Microsoft Visual Studio Solution File, Format Version 12.00
# Visual Studio Version 17
VisualStudioVersion = 17.9.34728.123
MinimumVisualStudioVersion = 10.0.40219.1
Project("{FAE04EC0-301F-11D3-BF4B-00C04F79EFBC}") = "Inicio.Server", "Inicio.Server\Inicio.Server.csproj", "{D4C23664-3533-48C8-8729-29FC9900C17B}"
EndProject
Project("{FAE04EC0-301F-11D3-BF4B-00C04F79EFBC}") = "Inicio.DB", "Inicio.DB\Inicio.DB.csproj", "{1D2D1FA9-D0A3-4513-B5D8-B5EC607C956E}"
EndProject
Global
	GlobalSection(SolutionConfigurationPlatforms) = preSolution
		Debug|Any CPU = Debug|Any CPU
		Release|Any CPU = Release|Any CPU
	EndGlobalSection
	GlobalSection(ProjectConfigurationPlatforms) = postSolution
		{D4C23664-3533-48C8-8729-29FC9900C17B}.Debug|Any CPU.ActiveCfg = Debug|Any CPU
		{D4C23664-3533-48C8-8729-29FC9900C17B}.Debug|Any CPU.Build.0 = Debug|Any CPU
		{D4C23664-3533-48C8-8729-29FC9900C17B}.Release|Any CPU.ActiveCfg = Release|Any CPU
		{D4C23664-3533-48C8-8729-29FC9900C17B}.Release|Any CPU.Build.0 = Release|Any CPU
		{1D2D1FA9-D0A3-4513-B5D8-B5EC607C956E}.Debug|Any CPU.ActiveCfg = Debug|Any CPU
		{1D2D1FA9-D0A3-4513-B5D8-B5EC607C956E}.Debug|Any CPU.Build.0 = Debug|Any CPU
		{1D2D1FA9-D0A3-4513-B5D8-B5EC607C956E}.Release|Any CPU.ActiveCfg = Release|Any CPU
		{1D2D1FA9-D0A3-4513-B5D8-B5EC607C956E}.Release|Any CPU.Build.0 = Release|Any CPU
	EndGlobalSection
	GlobalSection(SolutionProperties) = preSolution
		HideSolutionNode = FALSE
	EndGlobalSection
	GlobalSection(ExtensibilityGlobals) = postSolution
		SolutionGuid = {6DA008A5-0AAA-49C7-867D-A8108FDEFE2C}
	EndGlobalSection
EndGlobal
